
Microsoft Visual Studio Solution File, Format Version 12.00
# Visual Studio Version 16
VisualStudioVersion = 25.0.1704.2
MinimumVisualStudioVersion = 10.0.40219.1
Project("{FAE04EC0-301F-11D3-BF4B-00C04F79EFBC}") = "Entities", "Entities\Entities.csproj", "{AAB48168-EEA6-4BD3-AC0A-7AC45059FA83}"
EndProject
Project("{FAE04EC0-301F-11D3-BF4B-00C04F79EFBC}") = "DataAccess", "DataAccess\DataAccess.csproj", "{B86612E4-0596-4F45-A010-934ED38B0E19}"
EndProject
Project("{FAE04EC0-301F-11D3-BF4B-00C04F79EFBC}") = "Business", "Business\Business.csproj", "{7B971229-68FE-4950-BECC-573A0BCF81B1}"
EndProject
Project("{FAE04EC0-301F-11D3-BF4B-00C04F79EFBC}") = "Console", "Console\Console.csproj", "{6288C88F-4EC3-4616-950B-99DDF95B56AF}"
EndProject
Project("{FAE04EC0-301F-11D3-BF4B-00C04F79EFBC}") = "Core", "Core\Core.csproj", "{E1EB56C2-D042-418C-85D3-400A02C4D842}"
EndProject
Global
	GlobalSection(SolutionConfigurationPlatforms) = preSolution
		Debug|Any CPU = Debug|Any CPU
		Release|Any CPU = Release|Any CPU
	EndGlobalSection
	GlobalSection(ProjectConfigurationPlatforms) = postSolution
		{AAB48168-EEA6-4BD3-AC0A-7AC45059FA83}.Debug|Any CPU.ActiveCfg = Debug|Any CPU
		{AAB48168-EEA6-4BD3-AC0A-7AC45059FA83}.Debug|Any CPU.Build.0 = Debug|Any CPU
		{AAB48168-EEA6-4BD3-AC0A-7AC45059FA83}.Release|Any CPU.ActiveCfg = Release|Any CPU
		{AAB48168-EEA6-4BD3-AC0A-7AC45059FA83}.Release|Any CPU.Build.0 = Release|Any CPU
		{B86612E4-0596-4F45-A010-934ED38B0E19}.Debug|Any CPU.ActiveCfg = Debug|Any CPU
		{B86612E4-0596-4F45-A010-934ED38B0E19}.Debug|Any CPU.Build.0 = Debug|Any CPU
		{B86612E4-0596-4F45-A010-934ED38B0E19}.Release|Any CPU.ActiveCfg = Release|Any CPU
		{B86612E4-0596-4F45-A010-934ED38B0E19}.Release|Any CPU.Build.0 = Release|Any CPU
		{7B971229-68FE-4950-BECC-573A0BCF81B1}.Debug|Any CPU.ActiveCfg = Debug|Any CPU
		{7B971229-68FE-4950-BECC-573A0BCF81B1}.Debug|Any CPU.Build.0 = Debug|Any CPU
		{7B971229-68FE-4950-BECC-573A0BCF81B1}.Release|Any CPU.ActiveCfg = Release|Any CPU
		{7B971229-68FE-4950-BECC-573A0BCF81B1}.Release|Any CPU.Build.0 = Release|Any CPU
		{6288C88F-4EC3-4616-950B-99DDF95B56AF}.Debug|Any CPU.ActiveCfg = Debug|Any CPU
		{6288C88F-4EC3-4616-950B-99DDF95B56AF}.Debug|Any CPU.Build.0 = Debug|Any CPU
		{6288C88F-4EC3-4616-950B-99DDF95B56AF}.Release|Any CPU.ActiveCfg = Release|Any CPU
		{6288C88F-4EC3-4616-950B-99DDF95B56AF}.Release|Any CPU.Build.0 = Release|Any CPU
		{E1EB56C2-D042-418C-85D3-400A02C4D842}.Debug|Any CPU.ActiveCfg = Debug|Any CPU
		{E1EB56C2-D042-418C-85D3-400A02C4D842}.Debug|Any CPU.Build.0 = Debug|Any CPU
		{E1EB56C2-D042-418C-85D3-400A02C4D842}.Release|Any CPU.ActiveCfg = Release|Any CPU
		{E1EB56C2-D042-418C-85D3-400A02C4D842}.Release|Any CPU.Build.0 = Release|Any CPU
	EndGlobalSection
	GlobalSection(SolutionProperties) = preSolution
		HideSolutionNode = FALSE
	EndGlobalSection
	GlobalSection(ExtensibilityGlobals) = postSolution
		SolutionGuid = {494739EE-1A34-46C6-B48B-4D303397573E}
	EndGlobalSection
EndGlobal
